%{"bbmustache": {:hex, :bbmustache, "1.0.4", "7ba94f971c5afd7b6617918a4bb74705e36cab36eb84b19b6a1b7ee06427aa38", [:rebar], [], "hexpm"},
  "cf": {:hex, :cf, "0.2.1", "69d0b1349fd4d7d4dc55b7f407d29d7a840bf9a1ef5af529f1ebe0ce153fc2ab", [:rebar3], [], "hexpm"},
  "conform": {:hex, :conform, "0.17.0", "e3610a337b7c44beb829f176cbb0795f78fe53a0183a524a04e0ebe0f76f9113", [:mix], [{:neotoma, "~> 1.7.3", [hex: :neotoma, repo: "hexpm", optional: false]}], "hexpm"},
  "csv": {:git, "https://github.com/beatrichartz/csv.git", "36b048ef4103ab5be0e39669cd627f34cd5543d1", [tag: "36b048ef4103ab5be0e39669cd627f34cd5543d1"]},
  "csvex": {:git, "https://github.com/timCF/csvex.git", "c2bb31dd193b5c63f669c7761558e50268afdb65", []},
  "erlmath": {:git, "https://github.com/timCF/erlmath.git", "8246876112885b3fa300ace0fdd29d34c0af7841", []},
  "erlng": {:git, "https://github.com/timCF/erlng.git", "80e9b58a6b0db6c9e55e502b56e5d195a5ef2160", []},
  "erlware_commons": {:hex, :erlware_commons, "0.21.0", "a04433071ad7d112edefc75ac77719dd3e6753e697ac09428fc83d7564b80b15", [:rebar3], [{:cf, "0.2.1", [hex: :cf, repo: "hexpm", optional: false]}], "hexpm"},
  "exkeno": {:git, "https://github.com/timCF/exkeno.git", "bcbb2b22aea0d2bbfb327570c8633c8cbd12a9c1", []},
  "exrm": {:git, "https://github.com/bitwalker/exrm.git", "ba7596cdc9f303708d7279b223408c19219c2ca3", [tag: "0.19.9"]},
  "exroul": {:git, "https://github.com/timCF/exroul.git", "23cafb979b6f79ef7c9df5286fd8b7c92bfa064b", []},
  "flow": {:hex, :flow, "0.11.0", "6ca9a05f33e3df10bc2ab847ad470523d3a01673456049a60110467d2f31bd58", [:mix], [{:gen_stage, "~> 0.11.0", [hex: :gen_stage, optional: false]}]},
  "gen_stage": {:hex, :gen_stage, "0.11.0", "943bdfa85c75fa624e0a36a9d135baad20a523be040178f5a215444b45c66ea4", [:mix], []},
  "getopt": {:hex, :getopt, "0.8.2", "b17556db683000ba50370b16c0619df1337e7af7ecbf7d64fbf8d1d6bce3109b", [:rebar], [], "hexpm"},
  "maybe": {:git, "https://github.com/timCF/maybe.git", "ce235c33dfb626934159b23a3abe296e075f0522", []},
  "neotoma": {:hex, :neotoma, "1.7.3", "d8bd5404b73273989946e4f4f6d529e5c2088f5fa1ca790b4dbe81f4be408e61", [:rebar], [], "hexpm"},
  "numerix": {:git, "https://github.com/safwank/Numerix.git", "112e507cb1f94f8289640285ead0630a6015e76f", []},
  "providers": {:hex, :providers, "1.6.0", "db0e2f9043ae60c0155205fcd238d68516331d0e5146155e33d1e79dc452964a", [:rebar3], [{:getopt, "0.8.2", [hex: :getopt, repo: "hexpm", optional: false]}], "hexpm"},
  "relx": {:git, "https://github.com/erlware/relx.git", "9168eab9d949cb5fb3fe09b9e73cf404295e97ff", [tag: "v3.20.0"]},
  "silverb": {:git, "https://github.com/timCF/silverb.git", "001edcb0b9489fdcc79e6105f74355e5e834712f", []},
  "statistics": {:git, "https://github.com/msharp/elixir-statistics.git", "74b1053db3f6214593139308bec7821c5c99b2fd", []}}
